
Microsoft Visual Studio Solution File, Format Version 12.00
# Visual Studio Version 16
VisualStudioVersion = 16.0.31624.102
MinimumVisualStudioVersion = 10.0.40219.1
Project("{FAE04EC0-301F-11D3-BF4B-00C04F79EFBC}") = "LibApp", "LibApp.csproj", "{2D88354B-DD71-4DAE-B46F-3B1312AD38C5}"
EndProject
Global
	GlobalSection(SolutionConfigurationPlatforms) = preSolution
		Debug|Any CPU = Debug|Any CPU
		Release|Any CPU = Release|Any CPU
	EndGlobalSection
	GlobalSection(ProjectConfigurationPlatforms) = postSolution
		{2D88354B-DD71-4DAE-B46F-3B1312AD38C5}.Debug|Any CPU.ActiveCfg = Debug|Any CPU
		{2D88354B-DD71-4DAE-B46F-3B1312AD38C5}.Debug|Any CPU.Build.0 = Debug|Any CPU
		{2D88354B-DD71-4DAE-B46F-3B1312AD38C5}.Release|Any CPU.ActiveCfg = Release|Any CPU
		{2D88354B-DD71-4DAE-B46F-3B1312AD38C5}.Release|Any CPU.Build.0 = Release|Any CPU
	EndGlobalSection
	GlobalSection(SolutionProperties) = preSolution
		HideSolutionNode = FALSE
	EndGlobalSection
	GlobalSection(ExtensibilityGlobals) = postSolution
		SolutionGuid = {1854C134-057A-4483-83C3-AC5CFE133DF4}
	EndGlobalSection
EndGlobal
